
Microsoft Visual Studio Solution File, Format Version 12.00
# Visual Studio 15
VisualStudioVersion = 15.0.27703.2000
MinimumVisualStudioVersion = 10.0.40219.1
Project("{9A19103F-16F7-4668-BE54-9A1E7A4F7556}") = "Analyzer", "Analyzer\Analyzer.csproj", "{D9C4F43B-20E9-4B9F-99A7-E90B83333E11}"
EndProject
Project("{9A19103F-16F7-4668-BE54-9A1E7A4F7556}") = "UnrealReplayAnalyzer", "ReplayAnalyzer\UnrealReplayAnalyzer.csproj", "{58837BBD-763D-4946-A1B2-A5B254C03290}"
EndProject
Project("{9A19103F-16F7-4668-BE54-9A1E7A4F7556}") = "FortniteReplayAnalyzer", "FortniteReplayAnalyzer\FortniteReplayAnalyzer.csproj", "{BA9B2543-D638-470F-A98B-D7C4F00E5B47}"
EndProject
Project("{FAE04EC0-301F-11D3-BF4B-00C04F79EFBC}") = "WebApp", "WebApp\WebApp.csproj", "{0640EAE6-2780-44B6-819A-A59A0F6288DD}"
EndProject
Global
	GlobalSection(SolutionConfigurationPlatforms) = preSolution
		Debug|Any CPU = Debug|Any CPU
		Release|Any CPU = Release|Any CPU
	EndGlobalSection
	GlobalSection(ProjectConfigurationPlatforms) = postSolution
		{D9C4F43B-20E9-4B9F-99A7-E90B83333E11}.Debug|Any CPU.ActiveCfg = Debug|Any CPU
		{D9C4F43B-20E9-4B9F-99A7-E90B83333E11}.Debug|Any CPU.Build.0 = Debug|Any CPU
		{D9C4F43B-20E9-4B9F-99A7-E90B83333E11}.Release|Any CPU.ActiveCfg = Release|Any CPU
		{D9C4F43B-20E9-4B9F-99A7-E90B83333E11}.Release|Any CPU.Build.0 = Release|Any CPU
		{58837BBD-763D-4946-A1B2-A5B254C03290}.Debug|Any CPU.ActiveCfg = Debug|Any CPU
		{58837BBD-763D-4946-A1B2-A5B254C03290}.Debug|Any CPU.Build.0 = Debug|Any CPU
		{58837BBD-763D-4946-A1B2-A5B254C03290}.Release|Any CPU.ActiveCfg = Release|Any CPU
		{58837BBD-763D-4946-A1B2-A5B254C03290}.Release|Any CPU.Build.0 = Release|Any CPU
		{BA9B2543-D638-470F-A98B-D7C4F00E5B47}.Debug|Any CPU.ActiveCfg = Debug|Any CPU
		{BA9B2543-D638-470F-A98B-D7C4F00E5B47}.Debug|Any CPU.Build.0 = Debug|Any CPU
		{BA9B2543-D638-470F-A98B-D7C4F00E5B47}.Release|Any CPU.ActiveCfg = Release|Any CPU
		{BA9B2543-D638-470F-A98B-D7C4F00E5B47}.Release|Any CPU.Build.0 = Release|Any CPU
		{0640EAE6-2780-44B6-819A-A59A0F6288DD}.Debug|Any CPU.ActiveCfg = Debug|Any CPU
		{0640EAE6-2780-44B6-819A-A59A0F6288DD}.Debug|Any CPU.Build.0 = Debug|Any CPU
		{0640EAE6-2780-44B6-819A-A59A0F6288DD}.Release|Any CPU.ActiveCfg = Release|Any CPU
		{0640EAE6-2780-44B6-819A-A59A0F6288DD}.Release|Any CPU.Build.0 = Release|Any CPU
	EndGlobalSection
	GlobalSection(SolutionProperties) = preSolution
		HideSolutionNode = FALSE
	EndGlobalSection
	GlobalSection(ExtensibilityGlobals) = postSolution
		SolutionGuid = {388BDD38-DF1F-46A1-9358-B6E565FB7D9E}
	EndGlobalSection
EndGlobal
